
Microsoft Visual Studio Solution File, Format Version 12.00
# Visual Studio Version 17
VisualStudioVersion = 17.0.32112.339
MinimumVisualStudioVersion = 10.0.40219.1
Project("{FAE04EC0-301F-11D3-BF4B-00C04F79EFBC}") = "Assignment 15", "Assignment 15.csproj", "{0CA0671A-FD29-4562-82A7-4DF4F8C5044D}"
EndProject
Global
	GlobalSection(SolutionConfigurationPlatforms) = preSolution
		Debug|Any CPU = Debug|Any CPU
		Release|Any CPU = Release|Any CPU
	EndGlobalSection
	GlobalSection(ProjectConfigurationPlatforms) = postSolution
		{0CA0671A-FD29-4562-82A7-4DF4F8C5044D}.Debug|Any CPU.ActiveCfg = Debug|Any CPU
		{0CA0671A-FD29-4562-82A7-4DF4F8C5044D}.Debug|Any CPU.Build.0 = Debug|Any CPU
		{0CA0671A-FD29-4562-82A7-4DF4F8C5044D}.Release|Any CPU.ActiveCfg = Release|Any CPU
		{0CA0671A-FD29-4562-82A7-4DF4F8C5044D}.Release|Any CPU.Build.0 = Release|Any CPU
	EndGlobalSection
	GlobalSection(SolutionProperties) = preSolution
		HideSolutionNode = FALSE
	EndGlobalSection
	GlobalSection(ExtensibilityGlobals) = postSolution
		SolutionGuid = {F729D114-2227-460D-A09D-ECA3D9EB7809}
	EndGlobalSection
EndGlobal
